
Microsoft Visual Studio Solution File, Format Version 12.00
# Visual Studio 15
VisualStudioVersion = 15.0.26403.3
MinimumVisualStudioVersion = 10.0.40219.1
Project("{D954291E-2A0B-460D-934E-DC6B0785DB48}") = "wenslerh", "wenslerh\wenslerh\wenslerh.shproj", "{15DB0B68-D291-43AC-A810-2C8E3CA486C1}"
EndProject
Project("{FAE04EC0-301F-11D3-BF4B-00C04F79EFBC}") = "wenslerh.Android", "wenslerh\wenslerh.Android\wenslerh.Android.csproj", "{5CCC89AA-576B-4E7D-B554-A5503DDB3A17}"
EndProject
Project("{FAE04EC0-301F-11D3-BF4B-00C04F79EFBC}") = "wenslerh.iOS", "wenslerh\wenslerh.iOS\wenslerh.iOS.csproj", "{D4C2222E-01A6-4ECB-BF83-B01F64D02E7C}"
EndProject
Project("{FAE04EC0-301F-11D3-BF4B-00C04F79EFBC}") = "wenslerh.UWP", "wenslerh\wenslerh.UWP\wenslerh.UWP.csproj", "{F4F1FFC9-684E-4C32-BE00-A8EA75E2A9DF}"
EndProject
Global
	GlobalSection(SharedMSBuildProjectFiles) = preSolution
		wenslerh\wenslerh\wenslerh.projitems*{15db0b68-d291-43ac-a810-2c8e3ca486c1}*SharedItemsImports = 13
		wenslerh\wenslerh\wenslerh.projitems*{5ccc89aa-576b-4e7d-b554-a5503ddb3a17}*SharedItemsImports = 4
		wenslerh\wenslerh\wenslerh.projitems*{d4c2222e-01a6-4ecb-bf83-b01f64d02e7c}*SharedItemsImports = 4
		wenslerh\wenslerh\wenslerh.projitems*{f4f1ffc9-684e-4c32-be00-a8ea75e2a9df}*SharedItemsImports = 4
	EndGlobalSection
	GlobalSection(SolutionConfigurationPlatforms) = preSolution
		Debug|Any CPU = Debug|Any CPU
		Debug|ARM = Debug|ARM
		Debug|iPhone = Debug|iPhone
		Debug|iPhoneSimulator = Debug|iPhoneSimulator
		Debug|x64 = Debug|x64
		Debug|x86 = Debug|x86
		Release|Any CPU = Release|Any CPU
		Release|ARM = Release|ARM
		Release|iPhone = Release|iPhone
		Release|iPhoneSimulator = Release|iPhoneSimulator
		Release|x64 = Release|x64
		Release|x86 = Release|x86
	EndGlobalSection
	GlobalSection(ProjectConfigurationPlatforms) = postSolution
		{5CCC89AA-576B-4E7D-B554-A5503DDB3A17}.Debug|Any CPU.ActiveCfg = Debug|Any CPU
		{5CCC89AA-576B-4E7D-B554-A5503DDB3A17}.Debug|Any CPU.Build.0 = Debug|Any CPU
		{5CCC89AA-576B-4E7D-B554-A5503DDB3A17}.Debug|Any CPU.Deploy.0 = Debug|Any CPU
		{5CCC89AA-576B-4E7D-B554-A5503DDB3A17}.Debug|ARM.ActiveCfg = Debug|Any CPU
		{5CCC89AA-576B-4E7D-B554-A5503DDB3A17}.Debug|ARM.Build.0 = Debug|Any CPU
		{5CCC89AA-576B-4E7D-B554-A5503DDB3A17}.Debug|ARM.Deploy.0 = Debug|Any CPU
		{5CCC89AA-576B-4E7D-B554-A5503DDB3A17}.Debug|iPhone.ActiveCfg = Debug|Any CPU
		{5CCC89AA-576B-4E7D-B554-A5503DDB3A17}.Debug|iPhone.Build.0 = Debug|Any CPU
		{5CCC89AA-576B-4E7D-B554-A5503DDB3A17}.Debug|iPhone.Deploy.0 = Debug|Any CPU
		{5CCC89AA-576B-4E7D-B554-A5503DDB3A17}.Debug|iPhoneSimulator.ActiveCfg = Debug|Any CPU
		{5CCC89AA-576B-4E7D-B554-A5503DDB3A17}.Debug|iPhoneSimulator.Build.0 = Debug|Any CPU
		{5CCC89AA-576B-4E7D-B554-A5503DDB3A17}.Debug|iPhoneSimulator.Deploy.0 = Debug|Any CPU
		{5CCC89AA-576B-4E7D-B554-A5503DDB3A17}.Debug|x64.ActiveCfg = Debug|Any CPU
		{5CCC89AA-576B-4E7D-B554-A5503DDB3A17}.Debug|x64.Build.0 = Debug|Any CPU
		{5CCC89AA-576B-4E7D-B554-A5503DDB3A17}.Debug|x64.Deploy.0 = Debug|Any CPU
		{5CCC89AA-576B-4E7D-B554-A5503DDB3A17}.Debug|x86.ActiveCfg = Debug|Any CPU
		{5CCC89AA-576B-4E7D-B554-A5503DDB3A17}.Debug|x86.Build.0 = Debug|Any CPU
		{5CCC89AA-576B-4E7D-B554-A5503DDB3A17}.Debug|x86.Deploy.0 = Debug|Any CPU
		{5CCC89AA-576B-4E7D-B554-A5503DDB3A17}.Release|Any CPU.ActiveCfg = Release|Any CPU
		{5CCC89AA-576B-4E7D-B554-A5503DDB3A17}.Release|Any CPU.Build.0 = Release|Any CPU
		{5CCC89AA-576B-4E7D-B554-A5503DDB3A17}.Release|Any CPU.Deploy.0 = Release|Any CPU
		{5CCC89AA-576B-4E7D-B554-A5503DDB3A17}.Release|ARM.ActiveCfg = Release|Any CPU
		{5CCC89AA-576B-4E7D-B554-A5503DDB3A17}.Release|ARM.Build.0 = Release|Any CPU
		{5CCC89AA-576B-4E7D-B554-A5503DDB3A17}.Release|ARM.Deploy.0 = Release|Any CPU
		{5CCC89AA-576B-4E7D-B554-A5503DDB3A17}.Release|iPhone.ActiveCfg = Release|Any CPU
		{5CCC89AA-576B-4E7D-B554-A5503DDB3A17}.Release|iPhone.Build.0 = Release|Any CPU
		{5CCC89AA-576B-4E7D-B554-A5503DDB3A17}.Release|iPhone.Deploy.0 = Release|Any CPU
		{5CCC89AA-576B-4E7D-B554-A5503DDB3A17}.Release|iPhoneSimulator.ActiveCfg = Release|Any CPU
		{5CCC89AA-576B-4E7D-B554-A5503DDB3A17}.Release|iPhoneSimulator.Build.0 = Release|Any CPU
		{5CCC89AA-576B-4E7D-B554-A5503DDB3A17}.Release|iPhoneSimulator.Deploy.0 = Release|Any CPU
		{5CCC89AA-576B-4E7D-B554-A5503DDB3A17}.Release|x64.ActiveCfg = Release|Any CPU
		{5CCC89AA-576B-4E7D-B554-A5503DDB3A17}.Release|x64.Build.0 = Release|Any CPU
		{5CCC89AA-576B-4E7D-B554-A5503DDB3A17}.Release|x64.Deploy.0 = Release|Any CPU
		{5CCC89AA-576B-4E7D-B554-A5503DDB3A17}.Release|x86.ActiveCfg = Release|Any CPU
		{5CCC89AA-576B-4E7D-B554-A5503DDB3A17}.Release|x86.Build.0 = Release|Any CPU
		{5CCC89AA-576B-4E7D-B554-A5503DDB3A17}.Release|x86.Deploy.0 = Release|Any CPU
		{D4C2222E-01A6-4ECB-BF83-B01F64D02E7C}.Debug|Any CPU.ActiveCfg = Debug|iPhone
		{D4C2222E-01A6-4ECB-BF83-B01F64D02E7C}.Debug|ARM.ActiveCfg = Debug|iPhone
		{D4C2222E-01A6-4ECB-BF83-B01F64D02E7C}.Debug|iPhone.ActiveCfg = Debug|iPhone
		{D4C2222E-01A6-4ECB-BF83-B01F64D02E7C}.Debug|iPhone.Build.0 = Debug|iPhone
		{D4C2222E-01A6-4ECB-BF83-B01F64D02E7C}.Debug|iPhoneSimulator.ActiveCfg = Debug|iPhoneSimulator
		{D4C2222E-01A6-4ECB-BF83-B01F64D02E7C}.Debug|iPhoneSimulator.Build.0 = Debug|iPhoneSimulator
		{D4C2222E-01A6-4ECB-BF83-B01F64D02E7C}.Debug|x64.ActiveCfg = Debug|iPhone
		{D4C2222E-01A6-4ECB-BF83-B01F64D02E7C}.Debug|x86.ActiveCfg = Debug|iPhone
		{D4C2222E-01A6-4ECB-BF83-B01F64D02E7C}.Release|Any CPU.ActiveCfg = Release|iPhone
		{D4C2222E-01A6-4ECB-BF83-B01F64D02E7C}.Release|ARM.ActiveCfg = Release|iPhone
		{D4C2222E-01A6-4ECB-BF83-B01F64D02E7C}.Release|iPhone.ActiveCfg = Release|iPhone
		{D4C2222E-01A6-4ECB-BF83-B01F64D02E7C}.Release|iPhone.Build.0 = Release|iPhone
		{D4C2222E-01A6-4ECB-BF83-B01F64D02E7C}.Release|iPhoneSimulator.ActiveCfg = Release|iPhoneSimulator
		{D4C2222E-01A6-4ECB-BF83-B01F64D02E7C}.Release|iPhoneSimulator.Build.0 = Release|iPhoneSimulator
		{D4C2222E-01A6-4ECB-BF83-B01F64D02E7C}.Release|x64.ActiveCfg = Release|iPhone
		{D4C2222E-01A6-4ECB-BF83-B01F64D02E7C}.Release|x86.ActiveCfg = Release|iPhone
		{F4F1FFC9-684E-4C32-BE00-A8EA75E2A9DF}.Debug|Any CPU.ActiveCfg = Debug|x86
		{F4F1FFC9-684E-4C32-BE00-A8EA75E2A9DF}.Debug|Any CPU.Build.0 = Debug|x86
		{F4F1FFC9-684E-4C32-BE00-A8EA75E2A9DF}.Debug|Any CPU.Deploy.0 = Debug|x86
		{F4F1FFC9-684E-4C32-BE00-A8EA75E2A9DF}.Debug|ARM.ActiveCfg = Debug|ARM
		{F4F1FFC9-684E-4C32-BE00-A8EA75E2A9DF}.Debug|ARM.Build.0 = Debug|ARM
		{F4F1FFC9-684E-4C32-BE00-A8EA75E2A9DF}.Debug|ARM.Deploy.0 = Debug|ARM
		{F4F1FFC9-684E-4C32-BE00-A8EA75E2A9DF}.Debug|iPhone.ActiveCfg = Debug|x86
		{F4F1FFC9-684E-4C32-BE00-A8EA75E2A9DF}.Debug|iPhoneSimulator.ActiveCfg = Debug|x86
		{F4F1FFC9-684E-4C32-BE00-A8EA75E2A9DF}.Debug|x64.ActiveCfg = Debug|x64
		{F4F1FFC9-684E-4C32-BE00-A8EA75E2A9DF}.Debug|x64.Build.0 = Debug|x64
		{F4F1FFC9-684E-4C32-BE00-A8EA75E2A9DF}.Debug|x64.Deploy.0 = Debug|x64
		{F4F1FFC9-684E-4C32-BE00-A8EA75E2A9DF}.Debug|x86.ActiveCfg = Debug|x86
		{F4F1FFC9-684E-4C32-BE00-A8EA75E2A9DF}.Debug|x86.Build.0 = Debug|x86
		{F4F1FFC9-684E-4C32-BE00-A8EA75E2A9DF}.Debug|x86.Deploy.0 = Debug|x86
		{F4F1FFC9-684E-4C32-BE00-A8EA75E2A9DF}.Release|Any CPU.ActiveCfg = Release|x86
		{F4F1FFC9-684E-4C32-BE00-A8EA75E2A9DF}.Release|ARM.ActiveCfg = Release|ARM
		{F4F1FFC9-684E-4C32-BE00-A8EA75E2A9DF}.Release|ARM.Build.0 = Release|ARM
		{F4F1FFC9-684E-4C32-BE00-A8EA75E2A9DF}.Release|ARM.Deploy.0 = Release|ARM
		{F4F1FFC9-684E-4C32-BE00-A8EA75E2A9DF}.Release|iPhone.ActiveCfg = Release|x86
		{F4F1FFC9-684E-4C32-BE00-A8EA75E2A9DF}.Release|iPhoneSimulator.ActiveCfg = Release|x86
		{F4F1FFC9-684E-4C32-BE00-A8EA75E2A9DF}.Release|x64.ActiveCfg = Release|x64
		{F4F1FFC9-684E-4C32-BE00-A8EA75E2A9DF}.Release|x64.Build.0 = Release|x64
		{F4F1FFC9-684E-4C32-BE00-A8EA75E2A9DF}.Release|x64.Deploy.0 = Release|x64
		{F4F1FFC9-684E-4C32-BE00-A8EA75E2A9DF}.Release|x86.ActiveCfg = Release|x86
		{F4F1FFC9-684E-4C32-BE00-A8EA75E2A9DF}.Release|x86.Build.0 = Release|x86
		{F4F1FFC9-684E-4C32-BE00-A8EA75E2A9DF}.Release|x86.Deploy.0 = Release|x86
	EndGlobalSection
	GlobalSection(SolutionProperties) = preSolution
		HideSolutionNode = FALSE
	EndGlobalSection
EndGlobal
