
Microsoft Visual Studio Solution File, Format Version 12.00
# Visual Studio 15
VisualStudioVersion = 15.0.26228.10
MinimumVisualStudioVersion = 10.0.40219.1
Project("{FAE04EC0-301F-11D3-BF4B-00C04F79EFBC}") = "PCLDemo", "PCLDemo\PCLDemo\PCLDemo.csproj", "{6B189D93-A82C-40F5-8A01-F6DC3EE5CD9E}"
EndProject
Project("{FAE04EC0-301F-11D3-BF4B-00C04F79EFBC}") = "PCLDemo.Android", "PCLDemo\PCLDemo.Android\PCLDemo.Android.csproj", "{B1F13EE4-833B-4CC7-B23B-C0FDF016F5E5}"
EndProject
Project("{FAE04EC0-301F-11D3-BF4B-00C04F79EFBC}") = "PCLDemo.iOS", "PCLDemo\PCLDemo.iOS\PCLDemo.iOS.csproj", "{54B109CC-1CFE-40FE-997E-F3CA829EFDC2}"
EndProject
Project("{FAE04EC0-301F-11D3-BF4B-00C04F79EFBC}") = "PCLDemo.UWP", "PCLDemo\PCLDemo.UWP\PCLDemo.UWP.csproj", "{6C328C17-7EE0-49C1-85D1-97793F99723F}"
EndProject
Global
	GlobalSection(SolutionConfigurationPlatforms) = preSolution
		Debug|Any CPU = Debug|Any CPU
		Debug|ARM = Debug|ARM
		Debug|iPhone = Debug|iPhone
		Debug|iPhoneSimulator = Debug|iPhoneSimulator
		Debug|x64 = Debug|x64
		Debug|x86 = Debug|x86
		Release|Any CPU = Release|Any CPU
		Release|ARM = Release|ARM
		Release|iPhone = Release|iPhone
		Release|iPhoneSimulator = Release|iPhoneSimulator
		Release|x64 = Release|x64
		Release|x86 = Release|x86
	EndGlobalSection
	GlobalSection(ProjectConfigurationPlatforms) = postSolution
		{6B189D93-A82C-40F5-8A01-F6DC3EE5CD9E}.Debug|Any CPU.ActiveCfg = Debug|Any CPU
		{6B189D93-A82C-40F5-8A01-F6DC3EE5CD9E}.Debug|Any CPU.Build.0 = Debug|Any CPU
		{6B189D93-A82C-40F5-8A01-F6DC3EE5CD9E}.Debug|ARM.ActiveCfg = Debug|Any CPU
		{6B189D93-A82C-40F5-8A01-F6DC3EE5CD9E}.Debug|ARM.Build.0 = Debug|Any CPU
		{6B189D93-A82C-40F5-8A01-F6DC3EE5CD9E}.Debug|iPhone.ActiveCfg = Debug|Any CPU
		{6B189D93-A82C-40F5-8A01-F6DC3EE5CD9E}.Debug|iPhone.Build.0 = Debug|Any CPU
		{6B189D93-A82C-40F5-8A01-F6DC3EE5CD9E}.Debug|iPhoneSimulator.ActiveCfg = Debug|Any CPU
		{6B189D93-A82C-40F5-8A01-F6DC3EE5CD9E}.Debug|iPhoneSimulator.Build.0 = Debug|Any CPU
		{6B189D93-A82C-40F5-8A01-F6DC3EE5CD9E}.Debug|x64.ActiveCfg = Debug|Any CPU
		{6B189D93-A82C-40F5-8A01-F6DC3EE5CD9E}.Debug|x64.Build.0 = Debug|Any CPU
		{6B189D93-A82C-40F5-8A01-F6DC3EE5CD9E}.Debug|x86.ActiveCfg = Debug|Any CPU
		{6B189D93-A82C-40F5-8A01-F6DC3EE5CD9E}.Debug|x86.Build.0 = Debug|Any CPU
		{6B189D93-A82C-40F5-8A01-F6DC3EE5CD9E}.Release|Any CPU.ActiveCfg = Release|Any CPU
		{6B189D93-A82C-40F5-8A01-F6DC3EE5CD9E}.Release|Any CPU.Build.0 = Release|Any CPU
		{6B189D93-A82C-40F5-8A01-F6DC3EE5CD9E}.Release|ARM.ActiveCfg = Release|Any CPU
		{6B189D93-A82C-40F5-8A01-F6DC3EE5CD9E}.Release|ARM.Build.0 = Release|Any CPU
		{6B189D93-A82C-40F5-8A01-F6DC3EE5CD9E}.Release|iPhone.ActiveCfg = Release|Any CPU
		{6B189D93-A82C-40F5-8A01-F6DC3EE5CD9E}.Release|iPhone.Build.0 = Release|Any CPU
		{6B189D93-A82C-40F5-8A01-F6DC3EE5CD9E}.Release|iPhoneSimulator.ActiveCfg = Release|Any CPU
		{6B189D93-A82C-40F5-8A01-F6DC3EE5CD9E}.Release|iPhoneSimulator.Build.0 = Release|Any CPU
		{6B189D93-A82C-40F5-8A01-F6DC3EE5CD9E}.Release|x64.ActiveCfg = Release|Any CPU
		{6B189D93-A82C-40F5-8A01-F6DC3EE5CD9E}.Release|x64.Build.0 = Release|Any CPU
		{6B189D93-A82C-40F5-8A01-F6DC3EE5CD9E}.Release|x86.ActiveCfg = Release|Any CPU
		{6B189D93-A82C-40F5-8A01-F6DC3EE5CD9E}.Release|x86.Build.0 = Release|Any CPU
		{B1F13EE4-833B-4CC7-B23B-C0FDF016F5E5}.Debug|Any CPU.ActiveCfg = Debug|Any CPU
		{B1F13EE4-833B-4CC7-B23B-C0FDF016F5E5}.Debug|Any CPU.Build.0 = Debug|Any CPU
		{B1F13EE4-833B-4CC7-B23B-C0FDF016F5E5}.Debug|Any CPU.Deploy.0 = Debug|Any CPU
		{B1F13EE4-833B-4CC7-B23B-C0FDF016F5E5}.Debug|ARM.ActiveCfg = Debug|Any CPU
		{B1F13EE4-833B-4CC7-B23B-C0FDF016F5E5}.Debug|ARM.Build.0 = Debug|Any CPU
		{B1F13EE4-833B-4CC7-B23B-C0FDF016F5E5}.Debug|ARM.Deploy.0 = Debug|Any CPU
		{B1F13EE4-833B-4CC7-B23B-C0FDF016F5E5}.Debug|iPhone.ActiveCfg = Debug|Any CPU
		{B1F13EE4-833B-4CC7-B23B-C0FDF016F5E5}.Debug|iPhone.Build.0 = Debug|Any CPU
		{B1F13EE4-833B-4CC7-B23B-C0FDF016F5E5}.Debug|iPhone.Deploy.0 = Debug|Any CPU
		{B1F13EE4-833B-4CC7-B23B-C0FDF016F5E5}.Debug|iPhoneSimulator.ActiveCfg = Debug|Any CPU
		{B1F13EE4-833B-4CC7-B23B-C0FDF016F5E5}.Debug|iPhoneSimulator.Build.0 = Debug|Any CPU
		{B1F13EE4-833B-4CC7-B23B-C0FDF016F5E5}.Debug|iPhoneSimulator.Deploy.0 = Debug|Any CPU
		{B1F13EE4-833B-4CC7-B23B-C0FDF016F5E5}.Debug|x64.ActiveCfg = Debug|Any CPU
		{B1F13EE4-833B-4CC7-B23B-C0FDF016F5E5}.Debug|x64.Build.0 = Debug|Any CPU
		{B1F13EE4-833B-4CC7-B23B-C0FDF016F5E5}.Debug|x64.Deploy.0 = Debug|Any CPU
		{B1F13EE4-833B-4CC7-B23B-C0FDF016F5E5}.Debug|x86.ActiveCfg = Debug|Any CPU
		{B1F13EE4-833B-4CC7-B23B-C0FDF016F5E5}.Debug|x86.Build.0 = Debug|Any CPU
		{B1F13EE4-833B-4CC7-B23B-C0FDF016F5E5}.Debug|x86.Deploy.0 = Debug|Any CPU
		{B1F13EE4-833B-4CC7-B23B-C0FDF016F5E5}.Release|Any CPU.ActiveCfg = Release|Any CPU
		{B1F13EE4-833B-4CC7-B23B-C0FDF016F5E5}.Release|Any CPU.Build.0 = Release|Any CPU
		{B1F13EE4-833B-4CC7-B23B-C0FDF016F5E5}.Release|Any CPU.Deploy.0 = Release|Any CPU
		{B1F13EE4-833B-4CC7-B23B-C0FDF016F5E5}.Release|ARM.ActiveCfg = Release|Any CPU
		{B1F13EE4-833B-4CC7-B23B-C0FDF016F5E5}.Release|ARM.Build.0 = Release|Any CPU
		{B1F13EE4-833B-4CC7-B23B-C0FDF016F5E5}.Release|ARM.Deploy.0 = Release|Any CPU
		{B1F13EE4-833B-4CC7-B23B-C0FDF016F5E5}.Release|iPhone.ActiveCfg = Release|Any CPU
		{B1F13EE4-833B-4CC7-B23B-C0FDF016F5E5}.Release|iPhone.Build.0 = Release|Any CPU
		{B1F13EE4-833B-4CC7-B23B-C0FDF016F5E5}.Release|iPhone.Deploy.0 = Release|Any CPU
		{B1F13EE4-833B-4CC7-B23B-C0FDF016F5E5}.Release|iPhoneSimulator.ActiveCfg = Release|Any CPU
		{B1F13EE4-833B-4CC7-B23B-C0FDF016F5E5}.Release|iPhoneSimulator.Build.0 = Release|Any CPU
		{B1F13EE4-833B-4CC7-B23B-C0FDF016F5E5}.Release|iPhoneSimulator.Deploy.0 = Release|Any CPU
		{B1F13EE4-833B-4CC7-B23B-C0FDF016F5E5}.Release|x64.ActiveCfg = Release|Any CPU
		{B1F13EE4-833B-4CC7-B23B-C0FDF016F5E5}.Release|x64.Build.0 = Release|Any CPU
		{B1F13EE4-833B-4CC7-B23B-C0FDF016F5E5}.Release|x64.Deploy.0 = Release|Any CPU
		{B1F13EE4-833B-4CC7-B23B-C0FDF016F5E5}.Release|x86.ActiveCfg = Release|Any CPU
		{B1F13EE4-833B-4CC7-B23B-C0FDF016F5E5}.Release|x86.Build.0 = Release|Any CPU
		{B1F13EE4-833B-4CC7-B23B-C0FDF016F5E5}.Release|x86.Deploy.0 = Release|Any CPU
		{54B109CC-1CFE-40FE-997E-F3CA829EFDC2}.Debug|Any CPU.ActiveCfg = Debug|iPhone
		{54B109CC-1CFE-40FE-997E-F3CA829EFDC2}.Debug|ARM.ActiveCfg = Debug|iPhone
		{54B109CC-1CFE-40FE-997E-F3CA829EFDC2}.Debug|iPhone.ActiveCfg = Debug|iPhone
		{54B109CC-1CFE-40FE-997E-F3CA829EFDC2}.Debug|iPhone.Build.0 = Debug|iPhone
		{54B109CC-1CFE-40FE-997E-F3CA829EFDC2}.Debug|iPhoneSimulator.ActiveCfg = Debug|iPhoneSimulator
		{54B109CC-1CFE-40FE-997E-F3CA829EFDC2}.Debug|iPhoneSimulator.Build.0 = Debug|iPhoneSimulator
		{54B109CC-1CFE-40FE-997E-F3CA829EFDC2}.Debug|x64.ActiveCfg = Debug|iPhone
		{54B109CC-1CFE-40FE-997E-F3CA829EFDC2}.Debug|x86.ActiveCfg = Debug|iPhone
		{54B109CC-1CFE-40FE-997E-F3CA829EFDC2}.Release|Any CPU.ActiveCfg = Release|iPhone
		{54B109CC-1CFE-40FE-997E-F3CA829EFDC2}.Release|ARM.ActiveCfg = Release|iPhone
		{54B109CC-1CFE-40FE-997E-F3CA829EFDC2}.Release|iPhone.ActiveCfg = Release|iPhone
		{54B109CC-1CFE-40FE-997E-F3CA829EFDC2}.Release|iPhone.Build.0 = Release|iPhone
		{54B109CC-1CFE-40FE-997E-F3CA829EFDC2}.Release|iPhoneSimulator.ActiveCfg = Release|iPhoneSimulator
		{54B109CC-1CFE-40FE-997E-F3CA829EFDC2}.Release|iPhoneSimulator.Build.0 = Release|iPhoneSimulator
		{54B109CC-1CFE-40FE-997E-F3CA829EFDC2}.Release|x64.ActiveCfg = Release|iPhone
		{54B109CC-1CFE-40FE-997E-F3CA829EFDC2}.Release|x86.ActiveCfg = Release|iPhone
		{6C328C17-7EE0-49C1-85D1-97793F99723F}.Debug|Any CPU.ActiveCfg = Debug|x86
		{6C328C17-7EE0-49C1-85D1-97793F99723F}.Debug|ARM.ActiveCfg = Debug|ARM
		{6C328C17-7EE0-49C1-85D1-97793F99723F}.Debug|ARM.Build.0 = Debug|ARM
		{6C328C17-7EE0-49C1-85D1-97793F99723F}.Debug|ARM.Deploy.0 = Debug|ARM
		{6C328C17-7EE0-49C1-85D1-97793F99723F}.Debug|iPhone.ActiveCfg = Debug|x86
		{6C328C17-7EE0-49C1-85D1-97793F99723F}.Debug|iPhoneSimulator.ActiveCfg = Debug|x86
		{6C328C17-7EE0-49C1-85D1-97793F99723F}.Debug|x64.ActiveCfg = Debug|x64
		{6C328C17-7EE0-49C1-85D1-97793F99723F}.Debug|x64.Build.0 = Debug|x64
		{6C328C17-7EE0-49C1-85D1-97793F99723F}.Debug|x64.Deploy.0 = Debug|x64
		{6C328C17-7EE0-49C1-85D1-97793F99723F}.Debug|x86.ActiveCfg = Debug|x86
		{6C328C17-7EE0-49C1-85D1-97793F99723F}.Debug|x86.Build.0 = Debug|x86
		{6C328C17-7EE0-49C1-85D1-97793F99723F}.Debug|x86.Deploy.0 = Debug|x86
		{6C328C17-7EE0-49C1-85D1-97793F99723F}.Release|Any CPU.ActiveCfg = Release|x86
		{6C328C17-7EE0-49C1-85D1-97793F99723F}.Release|ARM.ActiveCfg = Release|ARM
		{6C328C17-7EE0-49C1-85D1-97793F99723F}.Release|ARM.Build.0 = Release|ARM
		{6C328C17-7EE0-49C1-85D1-97793F99723F}.Release|ARM.Deploy.0 = Release|ARM
		{6C328C17-7EE0-49C1-85D1-97793F99723F}.Release|iPhone.ActiveCfg = Release|x86
		{6C328C17-7EE0-49C1-85D1-97793F99723F}.Release|iPhoneSimulator.ActiveCfg = Release|x86
		{6C328C17-7EE0-49C1-85D1-97793F99723F}.Release|x64.ActiveCfg = Release|x64
		{6C328C17-7EE0-49C1-85D1-97793F99723F}.Release|x64.Build.0 = Release|x64
		{6C328C17-7EE0-49C1-85D1-97793F99723F}.Release|x64.Deploy.0 = Release|x64
		{6C328C17-7EE0-49C1-85D1-97793F99723F}.Release|x86.ActiveCfg = Release|x86
		{6C328C17-7EE0-49C1-85D1-97793F99723F}.Release|x86.Build.0 = Release|x86
		{6C328C17-7EE0-49C1-85D1-97793F99723F}.Release|x86.Deploy.0 = Release|x86
	EndGlobalSection
	GlobalSection(SolutionProperties) = preSolution
		HideSolutionNode = FALSE
	EndGlobalSection
EndGlobal
